
Microsoft Visual Studio Solution File, Format Version 12.00
# Visual Studio Version 16
VisualStudioVersion = 16.0.31025.194
MinimumVisualStudioVersion = 10.0.40219.1
Project("{FAE04EC0-301F-11D3-BF4B-00C04F79EFBC}") = "ProjekatSIMS", "ProjekatSIMS\ProjekatSIMS.csproj", "{326CF163-FBAD-476E-B5F1-707BB365A95A}"
EndProject
Global
	GlobalSection(SolutionConfigurationPlatforms) = preSolution
		Debug|Any CPU = Debug|Any CPU
		Release|Any CPU = Release|Any CPU
	EndGlobalSection
	GlobalSection(ProjectConfigurationPlatforms) = postSolution
		{326CF163-FBAD-476E-B5F1-707BB365A95A}.Debug|Any CPU.ActiveCfg = Debug|Any CPU
		{326CF163-FBAD-476E-B5F1-707BB365A95A}.Debug|Any CPU.Build.0 = Debug|Any CPU
		{326CF163-FBAD-476E-B5F1-707BB365A95A}.Release|Any CPU.ActiveCfg = Release|Any CPU
		{326CF163-FBAD-476E-B5F1-707BB365A95A}.Release|Any CPU.Build.0 = Release|Any CPU
	EndGlobalSection
	GlobalSection(SolutionProperties) = preSolution
		HideSolutionNode = FALSE
	EndGlobalSection
	GlobalSection(ExtensibilityGlobals) = postSolution
		SolutionGuid = {DCA2B609-736B-4601-AD20-1CB0AEDC42ED}
	EndGlobalSection
EndGlobal
